
Microsoft Visual Studio Solution File, Format Version 12.00
# Visual Studio 14
VisualStudioVersion = 14.0.25420.1
MinimumVisualStudioVersion = 10.0.40219.1
Project("{FAE04EC0-301F-11D3-BF4B-00C04F79EFBC}") = "Postponed posting", "Postponed posting\Postponed posting.csproj", "{1D4FA00F-2250-4C57-B283-F962DDCB7341}"
EndProject
Project("{FAE04EC0-301F-11D3-BF4B-00C04F79EFBC}") = "DAL", "DAL\DAL.csproj", "{4C9B0224-4CF7-4F45-A6FF-63BB02DEEA4F}"
EndProject
Project("{FAE04EC0-301F-11D3-BF4B-00C04F79EFBC}") = "Postponed_posting.Common", "Postponed_posting.Common\Postponed_posting.Common.csproj", "{F2ECEC50-1E57-4D30-BF91-8A4053ABC54F}"
EndProject
Global
	GlobalSection(SolutionConfigurationPlatforms) = preSolution
		Debug|Any CPU = Debug|Any CPU
		Release|Any CPU = Release|Any CPU
	EndGlobalSection
	GlobalSection(ProjectConfigurationPlatforms) = postSolution
		{1D4FA00F-2250-4C57-B283-F962DDCB7341}.Debug|Any CPU.ActiveCfg = Debug|Any CPU
		{1D4FA00F-2250-4C57-B283-F962DDCB7341}.Debug|Any CPU.Build.0 = Debug|Any CPU
		{1D4FA00F-2250-4C57-B283-F962DDCB7341}.Release|Any CPU.ActiveCfg = Release|Any CPU
		{1D4FA00F-2250-4C57-B283-F962DDCB7341}.Release|Any CPU.Build.0 = Release|Any CPU
		{4C9B0224-4CF7-4F45-A6FF-63BB02DEEA4F}.Debug|Any CPU.ActiveCfg = Debug|Any CPU
		{4C9B0224-4CF7-4F45-A6FF-63BB02DEEA4F}.Debug|Any CPU.Build.0 = Debug|Any CPU
		{4C9B0224-4CF7-4F45-A6FF-63BB02DEEA4F}.Release|Any CPU.ActiveCfg = Release|Any CPU
		{4C9B0224-4CF7-4F45-A6FF-63BB02DEEA4F}.Release|Any CPU.Build.0 = Release|Any CPU
		{F2ECEC50-1E57-4D30-BF91-8A4053ABC54F}.Debug|Any CPU.ActiveCfg = Debug|Any CPU
		{F2ECEC50-1E57-4D30-BF91-8A4053ABC54F}.Debug|Any CPU.Build.0 = Debug|Any CPU
		{F2ECEC50-1E57-4D30-BF91-8A4053ABC54F}.Release|Any CPU.ActiveCfg = Release|Any CPU
		{F2ECEC50-1E57-4D30-BF91-8A4053ABC54F}.Release|Any CPU.Build.0 = Release|Any CPU
	EndGlobalSection
	GlobalSection(SolutionProperties) = preSolution
		HideSolutionNode = FALSE
	EndGlobalSection
EndGlobal
