
Microsoft Visual Studio Solution File, Format Version 12.00
# Visual Studio 14
VisualStudioVersion = 14.0.25420.1
MinimumVisualStudioVersion = 10.0.40219.1
Project("{FAE04EC0-301F-11D3-BF4B-00C04F79EFBC}") = "PostponedPosting.WebUI", "PostponedPosting.WebUI\PostponedPosting.WebUI.csproj", "{1D4FA00F-2250-4C57-B283-F962DDCB7341}"
EndProject
Project("{FAE04EC0-301F-11D3-BF4B-00C04F79EFBC}") = "PostponedPosting.Domain", "PostponedPosting.Domain\PostponedPosting.Domain.csproj", "{4C9B0224-4CF7-4F45-A6FF-63BB02DEEA4F}"
EndProject
Project("{FAE04EC0-301F-11D3-BF4B-00C04F79EFBC}") = "PostponedPosting.Common", "PostponedPosting.Common\PostponedPosting.Common.csproj", "{F2ECEC50-1E57-4D30-BF91-8A4053ABC54F}"
EndProject
Project("{FAE04EC0-301F-11D3-BF4B-00C04F79EFBC}") = "PostponedPosting.Domain.Core", "PostponedPosting.Domain.Core\PostponedPosting.Domain.Core.csproj", "{4DB348D5-D5C4-4065-8B7D-6F74400BA571}"
EndProject
Project("{2150E333-8FDC-42A3-9474-1A3956D46DE8}") = "Domain", "Domain", "{DA2202F4-9914-45D7-821F-9F2698A7C98A}"
EndProject
Project("{2150E333-8FDC-42A3-9474-1A3956D46DE8}") = "Persistence", "Persistence", "{4139A876-2F8E-4E0D-9B32-4CA47937DA01}"
EndProject
Project("{FAE04EC0-301F-11D3-BF4B-00C04F79EFBC}") = "PostponedPosting.Persistence.Data", "PostponedPosting.Persistence.Data\PostponedPosting.Persistence.Data.csproj", "{BF06FF0B-9BDF-4302-93BF-C0AB98F69734}"
EndProject
Project("{FAE04EC0-301F-11D3-BF4B-00C04F79EFBC}") = "PostponedPosting.Persistence.ServiceModel", "PostponedPosting.Persistence.ServiceModel\PostponedPosting.Persistence.ServiceModel.csproj", "{F680918A-C9C1-469B-97E8-35B38ACE7E74}"
EndProject
Project("{FAE04EC0-301F-11D3-BF4B-00C04F79EFBC}") = "PostponedPosting.SeleniumApp", "PostponedPosting.SeleniumApp\PostponedPosting.SeleniumApp\PostponedPosting.SeleniumApp.csproj", "{9E97AC38-77A4-4C44-BC26-BF94475F4352}"
EndProject
Project("{FAE04EC0-301F-11D3-BF4B-00C04F79EFBC}") = "PostponedPosting.Persistence.ApplicationService", "PostponedPosting.Persistence.ApplicationService\PostponedPosting.Persistence.ApplicationService.csproj", "{91DE8ECB-1C86-4D24-9F8C-B5AE0B0B901A}"
EndProject
Project("{FAE04EC0-301F-11D3-BF4B-00C04F79EFBC}") = "ThreadsTest", "ThreadsTest\ThreadsTest.csproj", "{8C0ABE4A-B3FB-462F-8496-BB19BCC435C0}"
EndProject
Global
	GlobalSection(SolutionConfigurationPlatforms) = preSolution
		Debug|Any CPU = Debug|Any CPU
		Release|Any CPU = Release|Any CPU
	EndGlobalSection
	GlobalSection(ProjectConfigurationPlatforms) = postSolution
		{1D4FA00F-2250-4C57-B283-F962DDCB7341}.Debug|Any CPU.ActiveCfg = Debug|Any CPU
		{1D4FA00F-2250-4C57-B283-F962DDCB7341}.Debug|Any CPU.Build.0 = Debug|Any CPU
		{1D4FA00F-2250-4C57-B283-F962DDCB7341}.Release|Any CPU.ActiveCfg = Release|Any CPU
		{1D4FA00F-2250-4C57-B283-F962DDCB7341}.Release|Any CPU.Build.0 = Release|Any CPU
		{4C9B0224-4CF7-4F45-A6FF-63BB02DEEA4F}.Debug|Any CPU.ActiveCfg = Debug|Any CPU
		{4C9B0224-4CF7-4F45-A6FF-63BB02DEEA4F}.Debug|Any CPU.Build.0 = Debug|Any CPU
		{4C9B0224-4CF7-4F45-A6FF-63BB02DEEA4F}.Release|Any CPU.ActiveCfg = Release|Any CPU
		{4C9B0224-4CF7-4F45-A6FF-63BB02DEEA4F}.Release|Any CPU.Build.0 = Release|Any CPU
		{F2ECEC50-1E57-4D30-BF91-8A4053ABC54F}.Debug|Any CPU.ActiveCfg = Debug|Any CPU
		{F2ECEC50-1E57-4D30-BF91-8A4053ABC54F}.Debug|Any CPU.Build.0 = Debug|Any CPU
		{F2ECEC50-1E57-4D30-BF91-8A4053ABC54F}.Release|Any CPU.ActiveCfg = Release|Any CPU
		{F2ECEC50-1E57-4D30-BF91-8A4053ABC54F}.Release|Any CPU.Build.0 = Release|Any CPU
		{4DB348D5-D5C4-4065-8B7D-6F74400BA571}.Debug|Any CPU.ActiveCfg = Debug|Any CPU
		{4DB348D5-D5C4-4065-8B7D-6F74400BA571}.Debug|Any CPU.Build.0 = Debug|Any CPU
		{4DB348D5-D5C4-4065-8B7D-6F74400BA571}.Release|Any CPU.ActiveCfg = Release|Any CPU
		{4DB348D5-D5C4-4065-8B7D-6F74400BA571}.Release|Any CPU.Build.0 = Release|Any CPU
		{BF06FF0B-9BDF-4302-93BF-C0AB98F69734}.Debug|Any CPU.ActiveCfg = Debug|Any CPU
		{BF06FF0B-9BDF-4302-93BF-C0AB98F69734}.Debug|Any CPU.Build.0 = Debug|Any CPU
		{BF06FF0B-9BDF-4302-93BF-C0AB98F69734}.Release|Any CPU.ActiveCfg = Release|Any CPU
		{BF06FF0B-9BDF-4302-93BF-C0AB98F69734}.Release|Any CPU.Build.0 = Release|Any CPU
		{F680918A-C9C1-469B-97E8-35B38ACE7E74}.Debug|Any CPU.ActiveCfg = Debug|Any CPU
		{F680918A-C9C1-469B-97E8-35B38ACE7E74}.Debug|Any CPU.Build.0 = Debug|Any CPU
		{F680918A-C9C1-469B-97E8-35B38ACE7E74}.Release|Any CPU.ActiveCfg = Release|Any CPU
		{F680918A-C9C1-469B-97E8-35B38ACE7E74}.Release|Any CPU.Build.0 = Release|Any CPU
		{9E97AC38-77A4-4C44-BC26-BF94475F4352}.Debug|Any CPU.ActiveCfg = Debug|Any CPU
		{9E97AC38-77A4-4C44-BC26-BF94475F4352}.Debug|Any CPU.Build.0 = Debug|Any CPU
		{9E97AC38-77A4-4C44-BC26-BF94475F4352}.Release|Any CPU.ActiveCfg = Release|Any CPU
		{9E97AC38-77A4-4C44-BC26-BF94475F4352}.Release|Any CPU.Build.0 = Release|Any CPU
		{91DE8ECB-1C86-4D24-9F8C-B5AE0B0B901A}.Debug|Any CPU.ActiveCfg = Debug|Any CPU
		{91DE8ECB-1C86-4D24-9F8C-B5AE0B0B901A}.Debug|Any CPU.Build.0 = Debug|Any CPU
		{91DE8ECB-1C86-4D24-9F8C-B5AE0B0B901A}.Release|Any CPU.ActiveCfg = Release|Any CPU
		{91DE8ECB-1C86-4D24-9F8C-B5AE0B0B901A}.Release|Any CPU.Build.0 = Release|Any CPU
		{8C0ABE4A-B3FB-462F-8496-BB19BCC435C0}.Debug|Any CPU.ActiveCfg = Debug|Any CPU
		{8C0ABE4A-B3FB-462F-8496-BB19BCC435C0}.Debug|Any CPU.Build.0 = Debug|Any CPU
		{8C0ABE4A-B3FB-462F-8496-BB19BCC435C0}.Release|Any CPU.ActiveCfg = Release|Any CPU
		{8C0ABE4A-B3FB-462F-8496-BB19BCC435C0}.Release|Any CPU.Build.0 = Release|Any CPU
	EndGlobalSection
	GlobalSection(SolutionProperties) = preSolution
		HideSolutionNode = FALSE
	EndGlobalSection
	GlobalSection(NestedProjects) = preSolution
		{4C9B0224-4CF7-4F45-A6FF-63BB02DEEA4F} = {DA2202F4-9914-45D7-821F-9F2698A7C98A}
		{4DB348D5-D5C4-4065-8B7D-6F74400BA571} = {DA2202F4-9914-45D7-821F-9F2698A7C98A}
		{BF06FF0B-9BDF-4302-93BF-C0AB98F69734} = {4139A876-2F8E-4E0D-9B32-4CA47937DA01}
		{F680918A-C9C1-469B-97E8-35B38ACE7E74} = {4139A876-2F8E-4E0D-9B32-4CA47937DA01}
		{91DE8ECB-1C86-4D24-9F8C-B5AE0B0B901A} = {4139A876-2F8E-4E0D-9B32-4CA47937DA01}
	EndGlobalSection
EndGlobal
